{
  "name": "youCamp",
  "lockfileVersion": 2,
  "requires": true,
  "packages": {
    "": {
      "dependencies": {
        "express-json": "^1.0.0"
      }
    },
    "node_modules/express-json": {
      "version": "1.0.0",
      "resolved": "https://registry.npmjs.org/express-json/-/express-json-1.0.0.tgz",
      "integrity": "sha1-n91TI5rQpvPgdvVFhdiiJDB1+zY="
    }
  },
  "dependencies": {
    "express-json": {
      "version": "1.0.0",
      "resolved": "https://registry.npmjs.org/express-json/-/express-json-1.0.0.tgz",
      "integrity": "sha1-n91TI5rQpvPgdvVFhdiiJDB1+zY="
    }
  }
}
